
Microsoft Visual Studio Solution File, Format Version 12.00
# Visual Studio Version 17
VisualStudioVersion = 17.12.35707.178
MinimumVisualStudioVersion = 10.0.40219.1
Project("{2150E333-8FDC-42A3-9474-1A3956D46DE8}") = "Services", "Services", "{3F8550C0-C943-4E29-8BAB-8A95A1338E7D}"
EndProject
Project("{2150E333-8FDC-42A3-9474-1A3956D46DE8}") = "Identity", "Identity", "{6D6E7F8D-0FED-4DF0-BEEA-279203735ABF}"
EndProject
Project("{2150E333-8FDC-42A3-9474-1A3956D46DE8}") = "PropertyService", "PropertyService", "{7F793890-5EE2-48C3-A1DC-D47DB4E276E1}"
EndProject
Project("{2150E333-8FDC-42A3-9474-1A3956D46DE8}") = "Review", "Review", "{893253FF-8CD2-46E4-B52A-F4D7E0AD320D}"
EndProject
Project("{FAE04EC0-301F-11D3-BF4B-00C04F79EFBC}") = "PropertyAPI", "Services\Property\PropertyAPI\PropertyAPI.csproj", "{ADD13AA3-8199-44D5-92BE-4D6E7487F347}"
EndProject
Project("{FAE04EC0-301F-11D3-BF4B-00C04F79EFBC}") = "PropertyService.Application", "Services\Property\Property.Application\PropertyService.Application.csproj", "{6C2FBB9A-23F7-4219-BF50-92888D05530A}"
EndProject
Project("{FAE04EC0-301F-11D3-BF4B-00C04F79EFBC}") = "PropertyService.Domain", "Services\Property\Property.Domain\PropertyService.Domain.csproj", "{3D0ECD5B-3080-400B-B2A5-6D2463F6FAAA}"
EndProject
Project("{FAE04EC0-301F-11D3-BF4B-00C04F79EFBC}") = "PropertyService.Infrastructure", "Services\Property\Property.Infrastructure\PropertyService.Infrastructure.csproj", "{15E61D7A-3306-4BC2-AC32-F76E1A80EE37}"
EndProject
Project("{E53339B2-1760-4266-BCC7-CA923CBCF16C}") = "docker-compose", "docker-compose.dcproj", "{DD5BB13D-10AF-41FB-9011-266176EBB8B6}"
EndProject
Project("{FAE04EC0-301F-11D3-BF4B-00C04F79EFBC}") = "IdentityAPI", "Services\Identity\IdentityAPI\IdentityAPI.csproj", "{0F673C9E-9E32-49FB-A1EA-19D1D919D84A}"
EndProject
Project("{FAE04EC0-301F-11D3-BF4B-00C04F79EFBC}") = "IdentityService.Application", "Services\Identity\IdentityService.Application\IdentityService.Application.csproj", "{943D62BC-29C5-4785-89DB-28BD35A07768}"
EndProject
Project("{FAE04EC0-301F-11D3-BF4B-00C04F79EFBC}") = "IdentityService.Domain", "Services\Identity\IdentityService.Domain\IdentityService.Domain.csproj", "{44D1608D-2579-43FA-9DFE-54950390B267}"
EndProject
Project("{FAE04EC0-301F-11D3-BF4B-00C04F79EFBC}") = "IdentityService.Infrastructure", "Services\Identity\IdentityService.Infrastructure\IdentityService.Infrastructure.csproj", "{24E8B5E9-377F-4B5D-983E-A08576FA9F30}"
EndProject
Project("{FAE04EC0-301F-11D3-BF4B-00C04F79EFBC}") = "ApiGateway", "ApiGateway\ApiGateway.csproj", "{52E54BFD-7514-4332-9925-691874B66B2C}"
EndProject
Project("{FAE04EC0-301F-11D3-BF4B-00C04F79EFBC}") = "ReviewAPI", "Services\Review\ReviewAPI\ReviewAPI.csproj", "{5442B514-05B5-46C7-8524-DBD15184508A}"
EndProject
Project("{FAE04EC0-301F-11D3-BF4B-00C04F79EFBC}") = "ReviewService.Application", "Services\Review\ReviewService.Application\ReviewService.Application.csproj", "{ADAFEF23-24DE-468D-A6F4-0F3B2070C93F}"
EndProject
Project("{FAE04EC0-301F-11D3-BF4B-00C04F79EFBC}") = "ReviewService.Infrastructure", "Services\Review\ReviewService.Infrastructure\ReviewService.Infrastructure.csproj", "{AD51FDCC-8BA3-4852-A73B-97656704C15A}"
EndProject
Project("{FAE04EC0-301F-11D3-BF4B-00C04F79EFBC}") = "ReviewService.Domain", "Services\Review\ReviewService.Domain\ReviewService.Domain.csproj", "{D1D1D60F-528A-4F8C-9C24-589D6986BC3A}"
EndProject
Project("{FAE04EC0-301F-11D3-BF4B-00C04F79EFBC}") = "Shared", "Shared\Shared.csproj", "{F6329898-AB80-4408-A138-A568EC2273F3}"
EndProject
Project("{2150E333-8FDC-42A3-9474-1A3956D46DE8}") = "Group", "Group", "{CFA1685B-47B3-48B8-AA14-941AC2E6B030}"
EndProject
Project("{FAE04EC0-301F-11D3-BF4B-00C04F79EFBC}") = "GroupService.Domain", "Services\Group\GroupService.Domain\GroupService.Domain.csproj", "{16ED37B5-2EE3-4F22-9299-09FD85E42ED2}"
EndProject
Project("{FAE04EC0-301F-11D3-BF4B-00C04F79EFBC}") = "GroupService.Infrastructure", "Services\Group\GroupService.Infrastructure\GroupService.Infrastructure.csproj", "{16277267-33DE-4784-AD68-BD3F272FBA59}"
EndProject
Project("{FAE04EC0-301F-11D3-BF4B-00C04F79EFBC}") = "GroupService.Application", "Services\Group\GroupService.Application\GroupService.Application.csproj", "{3FEAA60F-D930-4A7E-B5F9-6AE509D3A432}"
EndProject
Project("{FAE04EC0-301F-11D3-BF4B-00C04F79EFBC}") = "GroupAPI", "Services\Group\GroupAPI\GroupAPI.csproj", "{26747632-F39D-412F-AE91-829681EC71BA}"
EndProject
Global
	GlobalSection(SolutionConfigurationPlatforms) = preSolution
		Debug|Any CPU = Debug|Any CPU
		Release|Any CPU = Release|Any CPU
	EndGlobalSection
	GlobalSection(ProjectConfigurationPlatforms) = postSolution
		{ADD13AA3-8199-44D5-92BE-4D6E7487F347}.Debug|Any CPU.ActiveCfg = Debug|Any CPU
		{ADD13AA3-8199-44D5-92BE-4D6E7487F347}.Debug|Any CPU.Build.0 = Debug|Any CPU
		{ADD13AA3-8199-44D5-92BE-4D6E7487F347}.Release|Any CPU.ActiveCfg = Release|Any CPU
		{ADD13AA3-8199-44D5-92BE-4D6E7487F347}.Release|Any CPU.Build.0 = Release|Any CPU
		{6C2FBB9A-23F7-4219-BF50-92888D05530A}.Debug|Any CPU.ActiveCfg = Debug|Any CPU
		{6C2FBB9A-23F7-4219-BF50-92888D05530A}.Debug|Any CPU.Build.0 = Debug|Any CPU
		{6C2FBB9A-23F7-4219-BF50-92888D05530A}.Release|Any CPU.ActiveCfg = Release|Any CPU
		{6C2FBB9A-23F7-4219-BF50-92888D05530A}.Release|Any CPU.Build.0 = Release|Any CPU
		{3D0ECD5B-3080-400B-B2A5-6D2463F6FAAA}.Debug|Any CPU.ActiveCfg = Debug|Any CPU
		{3D0ECD5B-3080-400B-B2A5-6D2463F6FAAA}.Debug|Any CPU.Build.0 = Debug|Any CPU
		{3D0ECD5B-3080-400B-B2A5-6D2463F6FAAA}.Release|Any CPU.ActiveCfg = Release|Any CPU
		{3D0ECD5B-3080-400B-B2A5-6D2463F6FAAA}.Release|Any CPU.Build.0 = Release|Any CPU
		{15E61D7A-3306-4BC2-AC32-F76E1A80EE37}.Debug|Any CPU.ActiveCfg = Debug|Any CPU
		{15E61D7A-3306-4BC2-AC32-F76E1A80EE37}.Debug|Any CPU.Build.0 = Debug|Any CPU
		{15E61D7A-3306-4BC2-AC32-F76E1A80EE37}.Release|Any CPU.ActiveCfg = Release|Any CPU
		{15E61D7A-3306-4BC2-AC32-F76E1A80EE37}.Release|Any CPU.Build.0 = Release|Any CPU
		{DD5BB13D-10AF-41FB-9011-266176EBB8B6}.Debug|Any CPU.ActiveCfg = Debug|Any CPU
		{DD5BB13D-10AF-41FB-9011-266176EBB8B6}.Debug|Any CPU.Build.0 = Debug|Any CPU
		{DD5BB13D-10AF-41FB-9011-266176EBB8B6}.Release|Any CPU.ActiveCfg = Release|Any CPU
		{DD5BB13D-10AF-41FB-9011-266176EBB8B6}.Release|Any CPU.Build.0 = Release|Any CPU
		{0F673C9E-9E32-49FB-A1EA-19D1D919D84A}.Debug|Any CPU.ActiveCfg = Debug|Any CPU
		{0F673C9E-9E32-49FB-A1EA-19D1D919D84A}.Debug|Any CPU.Build.0 = Debug|Any CPU
		{0F673C9E-9E32-49FB-A1EA-19D1D919D84A}.Release|Any CPU.ActiveCfg = Release|Any CPU
		{0F673C9E-9E32-49FB-A1EA-19D1D919D84A}.Release|Any CPU.Build.0 = Release|Any CPU
		{943D62BC-29C5-4785-89DB-28BD35A07768}.Debug|Any CPU.ActiveCfg = Debug|Any CPU
		{943D62BC-29C5-4785-89DB-28BD35A07768}.Debug|Any CPU.Build.0 = Debug|Any CPU
		{943D62BC-29C5-4785-89DB-28BD35A07768}.Release|Any CPU.ActiveCfg = Release|Any CPU
		{943D62BC-29C5-4785-89DB-28BD35A07768}.Release|Any CPU.Build.0 = Release|Any CPU
		{44D1608D-2579-43FA-9DFE-54950390B267}.Debug|Any CPU.ActiveCfg = Debug|Any CPU
		{44D1608D-2579-43FA-9DFE-54950390B267}.Debug|Any CPU.Build.0 = Debug|Any CPU
		{44D1608D-2579-43FA-9DFE-54950390B267}.Release|Any CPU.ActiveCfg = Release|Any CPU
		{44D1608D-2579-43FA-9DFE-54950390B267}.Release|Any CPU.Build.0 = Release|Any CPU
		{24E8B5E9-377F-4B5D-983E-A08576FA9F30}.Debug|Any CPU.ActiveCfg = Debug|Any CPU
		{24E8B5E9-377F-4B5D-983E-A08576FA9F30}.Debug|Any CPU.Build.0 = Debug|Any CPU
		{24E8B5E9-377F-4B5D-983E-A08576FA9F30}.Release|Any CPU.ActiveCfg = Release|Any CPU
		{24E8B5E9-377F-4B5D-983E-A08576FA9F30}.Release|Any CPU.Build.0 = Release|Any CPU
		{52E54BFD-7514-4332-9925-691874B66B2C}.Debug|Any CPU.ActiveCfg = Debug|Any CPU
		{52E54BFD-7514-4332-9925-691874B66B2C}.Debug|Any CPU.Build.0 = Debug|Any CPU
		{52E54BFD-7514-4332-9925-691874B66B2C}.Release|Any CPU.ActiveCfg = Release|Any CPU
		{52E54BFD-7514-4332-9925-691874B66B2C}.Release|Any CPU.Build.0 = Release|Any CPU
		{5442B514-05B5-46C7-8524-DBD15184508A}.Debug|Any CPU.ActiveCfg = Debug|Any CPU
		{5442B514-05B5-46C7-8524-DBD15184508A}.Debug|Any CPU.Build.0 = Debug|Any CPU
		{5442B514-05B5-46C7-8524-DBD15184508A}.Release|Any CPU.ActiveCfg = Release|Any CPU
		{5442B514-05B5-46C7-8524-DBD15184508A}.Release|Any CPU.Build.0 = Release|Any CPU
		{ADAFEF23-24DE-468D-A6F4-0F3B2070C93F}.Debug|Any CPU.ActiveCfg = Debug|Any CPU
		{ADAFEF23-24DE-468D-A6F4-0F3B2070C93F}.Debug|Any CPU.Build.0 = Debug|Any CPU
		{ADAFEF23-24DE-468D-A6F4-0F3B2070C93F}.Release|Any CPU.ActiveCfg = Release|Any CPU
		{ADAFEF23-24DE-468D-A6F4-0F3B2070C93F}.Release|Any CPU.Build.0 = Release|Any CPU
		{AD51FDCC-8BA3-4852-A73B-97656704C15A}.Debug|Any CPU.ActiveCfg = Debug|Any CPU
		{AD51FDCC-8BA3-4852-A73B-97656704C15A}.Debug|Any CPU.Build.0 = Debug|Any CPU
		{AD51FDCC-8BA3-4852-A73B-97656704C15A}.Release|Any CPU.ActiveCfg = Release|Any CPU
		{AD51FDCC-8BA3-4852-A73B-97656704C15A}.Release|Any CPU.Build.0 = Release|Any CPU
		{D1D1D60F-528A-4F8C-9C24-589D6986BC3A}.Debug|Any CPU.ActiveCfg = Debug|Any CPU
		{D1D1D60F-528A-4F8C-9C24-589D6986BC3A}.Debug|Any CPU.Build.0 = Debug|Any CPU
		{D1D1D60F-528A-4F8C-9C24-589D6986BC3A}.Release|Any CPU.ActiveCfg = Release|Any CPU
		{D1D1D60F-528A-4F8C-9C24-589D6986BC3A}.Release|Any CPU.Build.0 = Release|Any CPU
		{F6329898-AB80-4408-A138-A568EC2273F3}.Debug|Any CPU.ActiveCfg = Debug|Any CPU
		{F6329898-AB80-4408-A138-A568EC2273F3}.Debug|Any CPU.Build.0 = Debug|Any CPU
		{F6329898-AB80-4408-A138-A568EC2273F3}.Release|Any CPU.ActiveCfg = Release|Any CPU
		{F6329898-AB80-4408-A138-A568EC2273F3}.Release|Any CPU.Build.0 = Release|Any CPU
		{16ED37B5-2EE3-4F22-9299-09FD85E42ED2}.Debug|Any CPU.ActiveCfg = Debug|Any CPU
		{16ED37B5-2EE3-4F22-9299-09FD85E42ED2}.Debug|Any CPU.Build.0 = Debug|Any CPU
		{16ED37B5-2EE3-4F22-9299-09FD85E42ED2}.Release|Any CPU.ActiveCfg = Release|Any CPU
		{16ED37B5-2EE3-4F22-9299-09FD85E42ED2}.Release|Any CPU.Build.0 = Release|Any CPU
		{16277267-33DE-4784-AD68-BD3F272FBA59}.Debug|Any CPU.ActiveCfg = Debug|Any CPU
		{16277267-33DE-4784-AD68-BD3F272FBA59}.Debug|Any CPU.Build.0 = Debug|Any CPU
		{16277267-33DE-4784-AD68-BD3F272FBA59}.Release|Any CPU.ActiveCfg = Release|Any CPU
		{16277267-33DE-4784-AD68-BD3F272FBA59}.Release|Any CPU.Build.0 = Release|Any CPU
		{3FEAA60F-D930-4A7E-B5F9-6AE509D3A432}.Debug|Any CPU.ActiveCfg = Debug|Any CPU
		{3FEAA60F-D930-4A7E-B5F9-6AE509D3A432}.Debug|Any CPU.Build.0 = Debug|Any CPU
		{3FEAA60F-D930-4A7E-B5F9-6AE509D3A432}.Release|Any CPU.ActiveCfg = Release|Any CPU
		{3FEAA60F-D930-4A7E-B5F9-6AE509D3A432}.Release|Any CPU.Build.0 = Release|Any CPU
		{26747632-F39D-412F-AE91-829681EC71BA}.Debug|Any CPU.ActiveCfg = Debug|Any CPU
		{26747632-F39D-412F-AE91-829681EC71BA}.Debug|Any CPU.Build.0 = Debug|Any CPU
		{26747632-F39D-412F-AE91-829681EC71BA}.Release|Any CPU.ActiveCfg = Release|Any CPU
		{26747632-F39D-412F-AE91-829681EC71BA}.Release|Any CPU.Build.0 = Release|Any CPU
	EndGlobalSection
	GlobalSection(SolutionProperties) = preSolution
		HideSolutionNode = FALSE
	EndGlobalSection
	GlobalSection(NestedProjects) = preSolution
		{6D6E7F8D-0FED-4DF0-BEEA-279203735ABF} = {3F8550C0-C943-4E29-8BAB-8A95A1338E7D}
		{7F793890-5EE2-48C3-A1DC-D47DB4E276E1} = {3F8550C0-C943-4E29-8BAB-8A95A1338E7D}
		{893253FF-8CD2-46E4-B52A-F4D7E0AD320D} = {3F8550C0-C943-4E29-8BAB-8A95A1338E7D}
		{ADD13AA3-8199-44D5-92BE-4D6E7487F347} = {7F793890-5EE2-48C3-A1DC-D47DB4E276E1}
		{6C2FBB9A-23F7-4219-BF50-92888D05530A} = {7F793890-5EE2-48C3-A1DC-D47DB4E276E1}
		{3D0ECD5B-3080-400B-B2A5-6D2463F6FAAA} = {7F793890-5EE2-48C3-A1DC-D47DB4E276E1}
		{15E61D7A-3306-4BC2-AC32-F76E1A80EE37} = {7F793890-5EE2-48C3-A1DC-D47DB4E276E1}
		{0F673C9E-9E32-49FB-A1EA-19D1D919D84A} = {6D6E7F8D-0FED-4DF0-BEEA-279203735ABF}
		{943D62BC-29C5-4785-89DB-28BD35A07768} = {6D6E7F8D-0FED-4DF0-BEEA-279203735ABF}
		{44D1608D-2579-43FA-9DFE-54950390B267} = {6D6E7F8D-0FED-4DF0-BEEA-279203735ABF}
		{24E8B5E9-377F-4B5D-983E-A08576FA9F30} = {6D6E7F8D-0FED-4DF0-BEEA-279203735ABF}
		{5442B514-05B5-46C7-8524-DBD15184508A} = {893253FF-8CD2-46E4-B52A-F4D7E0AD320D}
		{ADAFEF23-24DE-468D-A6F4-0F3B2070C93F} = {893253FF-8CD2-46E4-B52A-F4D7E0AD320D}
		{AD51FDCC-8BA3-4852-A73B-97656704C15A} = {893253FF-8CD2-46E4-B52A-F4D7E0AD320D}
		{D1D1D60F-528A-4F8C-9C24-589D6986BC3A} = {893253FF-8CD2-46E4-B52A-F4D7E0AD320D}
		{CFA1685B-47B3-48B8-AA14-941AC2E6B030} = {3F8550C0-C943-4E29-8BAB-8A95A1338E7D}
		{16ED37B5-2EE3-4F22-9299-09FD85E42ED2} = {CFA1685B-47B3-48B8-AA14-941AC2E6B030}
		{16277267-33DE-4784-AD68-BD3F272FBA59} = {CFA1685B-47B3-48B8-AA14-941AC2E6B030}
		{3FEAA60F-D930-4A7E-B5F9-6AE509D3A432} = {CFA1685B-47B3-48B8-AA14-941AC2E6B030}
		{26747632-F39D-412F-AE91-829681EC71BA} = {CFA1685B-47B3-48B8-AA14-941AC2E6B030}
	EndGlobalSection
EndGlobal
